
Microsoft Visual Studio Solution File, Format Version 12.00
# Visual Studio 14
VisualStudioVersion = 14.0.25420.1
MinimumVisualStudioVersion = 10.0.40219.1
Project("{8BC9CEB8-8B4A-11D0-8D11-00A0C91BC942}") = "00_00_explict构造函数", "00_explict构造函数\00_explict构造函数.vcxproj", "{60D9FD91-B728-4123-ACC4-DC8371D4649D}"
EndProject
Project("{8BC9CEB8-8B4A-11D0-8D11-00A0C91BC942}") = "00_01_拷贝构造函数和拷贝赋值运算符", "00_01_拷贝构造函数和拷贝赋值运算符\00_01_拷贝构造函数和拷贝赋值运算符.vcxproj", "{532BDB67-B681-4123-AE53-B59441778D17}"
EndProject
Project("{8BC9CEB8-8B4A-11D0-8D11-00A0C91BC942}") = "01_00_pass-by-value-reference", "01_pass-by-value-reference\01_pass-by-value-reference.vcxproj", "{ECAFAD12-9E6E-4EB9-90B5-EAA73004EF60}"
EndProject
Project("{8BC9CEB8-8B4A-11D0-8D11-00A0C91BC942}") = "00_总记", "00_总记\00_总记.vcxproj", "{9EF774BD-30D7-4B95-B9EF-F06BE3EC6B2F}"
EndProject
Project("{8BC9CEB8-8B4A-11D0-8D11-00A0C91BC942}") = "01_01_静态成员_enum_替换define", "01_01_静态成员_enum_替换define\01_01_静态成员_enum_替换define.vcxproj", "{904AA79D-E67B-4362-BD59-C12B6F4B2280}"
EndProject
Project("{8BC9CEB8-8B4A-11D0-8D11-00A0C91BC942}") = "01_02_inline-template替换宏", "01_02_inline-template替换宏\01_02_inline-template替换宏.vcxproj", "{B9E5B740-1552-4C43-A20A-5D9C662866F6}"
EndProject
Project("{8BC9CEB8-8B4A-11D0-8D11-00A0C91BC942}") = "05_01_当成员含有ref和const时的拷贝赋值运算符", "05_01_当成员含有ref和const时的拷贝赋值运算符\05_01_当成员含有ref和const时的拷贝赋值运算符.vcxproj", "{42389F6F-3C5D-4AFA-BB18-178929CC2A73}"
EndProject
Project("{8BC9CEB8-8B4A-11D0-8D11-00A0C91BC942}") = "06_01拒绝使用自动生成的函数", "06_01拒绝使用自动生成的函数\06_01拒绝使用自动生成的函数.vcxproj", "{80607708-1BDD-49F8-84B9-44F783C873D1}"
EndProject
Project("{8BC9CEB8-8B4A-11D0-8D11-00A0C91BC942}") = "05_00_空类自动生成的函数", "05_00_空类自动生成的函数\05_00_空类自动生成的函数.vcxproj", "{5B63EB1F-8339-4939-8582-867FE551D691}"
EndProject
Project("{8BC9CEB8-8B4A-11D0-8D11-00A0C91BC942}") = "07_virtual析构函数", "07_virtual析构函数\07_virtual析构函数.vcxproj", "{3B1FACA4-9819-4D2F-A324-D6DBD63B9D0F}"
EndProject
Project("{8BC9CEB8-8B4A-11D0-8D11-00A0C91BC942}") = "13_01_内存泄露与智能指针", "13_01_智能指针\13_01_智能指针.vcxproj", "{1B5A9CE4-4C65-4797-B70C-3FA243F7DD85}"
EndProject
Project("{8BC9CEB8-8B4A-11D0-8D11-00A0C91BC942}") = "25_01_STL的swap", "25_01_STL的swap\25_01_STL的swap.vcxproj", "{EC8F8C09-65B2-4377-9E67-B5DE03D01851}"
EndProject
Project("{8BC9CEB8-8B4A-11D0-8D11-00A0C91BC942}") = "38_ModelSetThroughIsImplementedInTermsOf", "38_ModelSetThroughIsImplementedInTermsOf\38_ModelSetThroughIsImplementedInTermsOf.vcxproj", "{430E02DE-9383-4D29-84F2-985474681FFE}"
EndProject
Project("{8BC9CEB8-8B4A-11D0-8D11-00A0C91BC942}") = "39_01_private继承无法转型", "39_01_private继承无法转型\39_01_private继承无法转型.vcxproj", "{3F0F844D-7E13-4232-A8EC-25E52E84AF32}"
EndProject
Project("{8BC9CEB8-8B4A-11D0-8D11-00A0C91BC942}") = "39_02_EBO优化", "39_02_EBO优化\39_02_EBO优化.vcxproj", "{FC293BBF-98D8-4F29-AB68-C0C74D32EF1A}"
EndProject
Project("{8BC9CEB8-8B4A-11D0-8D11-00A0C91BC942}") = "03_01_const成员函数更改对象", "03_01_const成员函数更改对象\03_01_const成员函数更改对象.vcxproj", "{AE907B42-CD42-405D-AEA1-22E9003A03AB}"
EndProject
Project("{8BC9CEB8-8B4A-11D0-8D11-00A0C91BC942}") = "18_01_导入新类型避免客户端错误", "18_01_导入新类型避免客户端错误\18_01_导入新类型避免客户端错误.vcxproj", "{C79BC2A2-3CB2-42BA-9BE6-D72672D475B8}"
EndProject
Project("{8BC9CEB8-8B4A-11D0-8D11-00A0C91BC942}") = "39_03_IsPrivateMemberCanBeModifiedByDerivedClasses", "40_01_IsPrivateMemberCanBeModifiedByDerivedClasses\40_01_IsPrivateMemberCanBeModifiedByDerivedClasses.vcxproj", "{9E78BBC3-AE7E-4C81-A152-78BB189A5ECB}"
EndProject
Project("{8BC9CEB8-8B4A-11D0-8D11-00A0C91BC942}") = "40_01_virtual继承", "40_01_virtual继承\40_01_virtual继承.vcxproj", "{3453DEBC-F471-46BB-B399-80639DA7B9E4}"
EndProject
Project("{8BC9CEB8-8B4A-11D0-8D11-00A0C91BC942}") = "41_01_隐式接口", "41_01_隐式接口\41_01_隐式接口.vcxproj", "{AEFC3A21-CE40-4A74-AB45-50018480F305}"
EndProject
Project("{8BC9CEB8-8B4A-11D0-8D11-00A0C91BC942}") = "42_嵌套从属类型", "42_嵌套从属类型\42_嵌套从属类型.vcxproj", "{2481B886-717A-478C-8591-81E25C273A51}"
EndProject
Project("{8BC9CEB8-8B4A-11D0-8D11-00A0C91BC942}") = "43_01_BaseClassTemplates", "43_01_BaseClassTemplates\43_01_BaseClassTemplates.vcxproj", "{481CA89F-C9F6-444A-9677-EF3256CCF477}"
EndProject
Project("{8BC9CEB8-8B4A-11D0-8D11-00A0C91BC942}") = "44_01_非类型模板参数", "44_01_非类型模板参数\44_01_非类型模板参数.vcxproj", "{AE44262A-03E1-46F3-B7E7-CE3B02E3D1DD}"
EndProject
Project("{8BC9CEB8-8B4A-11D0-8D11-00A0C91BC942}") = "45_01_智能指针隐式转换", "45_01_智能指针隐式转换\45_01_智能指针隐式转换.vcxproj", "{B2AA6560-DB2D-4182-B064-0CAAFE8AF4F3}"
EndProject
Project("{8BC9CEB8-8B4A-11D0-8D11-00A0C91BC942}") = "11_01_在operator=中处理自赋值", "11_01_在operator=中处理自赋值\11_01_在operator=中处理自赋值.vcxproj", "{102C8DF7-DAAC-4A88-9962-1CE55BD1BE2F}"
EndProject
Project("{8BC9CEB8-8B4A-11D0-8D11-00A0C91BC942}") = "12_01_复制对象时勿忘了每一个成份", "12_01_复制对象时勿忘了每一个成份\12_01_复制对象时勿忘了每一个成份.vcxproj", "{6EA716EB-FF46-403C-85C9-65D99465CFFD}"
EndProject
Project("{8BC9CEB8-8B4A-11D0-8D11-00A0C91BC942}") = "14_01_资源管理类的copying行为", "14_01_资源管理类的copying行为\14_01_资源管理类的copying行为.vcxproj", "{5786DC11-B5D7-4C39-AB7F-0D6AF07CAF38}"
EndProject
Project("{8BC9CEB8-8B4A-11D0-8D11-00A0C91BC942}") = "16_01_new和delete要成对", "16_01_new和delete要成对\16_01_new和delete要成对.vcxproj", "{6D995B79-FAD6-4052-9C22-FDAFA253DE56}"
EndProject
Project("{8BC9CEB8-8B4A-11D0-8D11-00A0C91BC942}") = "25_02_class_templates_swap", "25_02_class_templates_swap\25_02_class_templates_swap.vcxproj", "{6A274C37-576A-4924-8642-3A0C81F8C17E}"
EndProject
Global
	GlobalSection(SolutionConfigurationPlatforms) = preSolution
		Debug|x64 = Debug|x64
		Debug|x86 = Debug|x86
		Release|x64 = Release|x64
		Release|x86 = Release|x86
	EndGlobalSection
	GlobalSection(ProjectConfigurationPlatforms) = postSolution
		{60D9FD91-B728-4123-ACC4-DC8371D4649D}.Debug|x64.ActiveCfg = Debug|x64
		{60D9FD91-B728-4123-ACC4-DC8371D4649D}.Debug|x64.Build.0 = Debug|x64
		{60D9FD91-B728-4123-ACC4-DC8371D4649D}.Debug|x86.ActiveCfg = Debug|Win32
		{60D9FD91-B728-4123-ACC4-DC8371D4649D}.Debug|x86.Build.0 = Debug|Win32
		{60D9FD91-B728-4123-ACC4-DC8371D4649D}.Release|x64.ActiveCfg = Release|x64
		{60D9FD91-B728-4123-ACC4-DC8371D4649D}.Release|x64.Build.0 = Release|x64
		{60D9FD91-B728-4123-ACC4-DC8371D4649D}.Release|x86.ActiveCfg = Release|Win32
		{60D9FD91-B728-4123-ACC4-DC8371D4649D}.Release|x86.Build.0 = Release|Win32
		{532BDB67-B681-4123-AE53-B59441778D17}.Debug|x64.ActiveCfg = Debug|x64
		{532BDB67-B681-4123-AE53-B59441778D17}.Debug|x64.Build.0 = Debug|x64
		{532BDB67-B681-4123-AE53-B59441778D17}.Debug|x86.ActiveCfg = Debug|Win32
		{532BDB67-B681-4123-AE53-B59441778D17}.Debug|x86.Build.0 = Debug|Win32
		{532BDB67-B681-4123-AE53-B59441778D17}.Release|x64.ActiveCfg = Release|x64
		{532BDB67-B681-4123-AE53-B59441778D17}.Release|x64.Build.0 = Release|x64
		{532BDB67-B681-4123-AE53-B59441778D17}.Release|x86.ActiveCfg = Release|Win32
		{532BDB67-B681-4123-AE53-B59441778D17}.Release|x86.Build.0 = Release|Win32
		{ECAFAD12-9E6E-4EB9-90B5-EAA73004EF60}.Debug|x64.ActiveCfg = Debug|x64
		{ECAFAD12-9E6E-4EB9-90B5-EAA73004EF60}.Debug|x64.Build.0 = Debug|x64
		{ECAFAD12-9E6E-4EB9-90B5-EAA73004EF60}.Debug|x86.ActiveCfg = Debug|Win32
		{ECAFAD12-9E6E-4EB9-90B5-EAA73004EF60}.Debug|x86.Build.0 = Debug|Win32
		{ECAFAD12-9E6E-4EB9-90B5-EAA73004EF60}.Release|x64.ActiveCfg = Release|x64
		{ECAFAD12-9E6E-4EB9-90B5-EAA73004EF60}.Release|x64.Build.0 = Release|x64
		{ECAFAD12-9E6E-4EB9-90B5-EAA73004EF60}.Release|x86.ActiveCfg = Release|Win32
		{ECAFAD12-9E6E-4EB9-90B5-EAA73004EF60}.Release|x86.Build.0 = Release|Win32
		{9EF774BD-30D7-4B95-B9EF-F06BE3EC6B2F}.Debug|x64.ActiveCfg = Debug|x64
		{9EF774BD-30D7-4B95-B9EF-F06BE3EC6B2F}.Debug|x64.Build.0 = Debug|x64
		{9EF774BD-30D7-4B95-B9EF-F06BE3EC6B2F}.Debug|x86.ActiveCfg = Debug|Win32
		{9EF774BD-30D7-4B95-B9EF-F06BE3EC6B2F}.Debug|x86.Build.0 = Debug|Win32
		{9EF774BD-30D7-4B95-B9EF-F06BE3EC6B2F}.Release|x64.ActiveCfg = Release|x64
		{9EF774BD-30D7-4B95-B9EF-F06BE3EC6B2F}.Release|x64.Build.0 = Release|x64
		{9EF774BD-30D7-4B95-B9EF-F06BE3EC6B2F}.Release|x86.ActiveCfg = Release|Win32
		{9EF774BD-30D7-4B95-B9EF-F06BE3EC6B2F}.Release|x86.Build.0 = Release|Win32
		{904AA79D-E67B-4362-BD59-C12B6F4B2280}.Debug|x64.ActiveCfg = Debug|x64
		{904AA79D-E67B-4362-BD59-C12B6F4B2280}.Debug|x64.Build.0 = Debug|x64
		{904AA79D-E67B-4362-BD59-C12B6F4B2280}.Debug|x86.ActiveCfg = Debug|Win32
		{904AA79D-E67B-4362-BD59-C12B6F4B2280}.Debug|x86.Build.0 = Debug|Win32
		{904AA79D-E67B-4362-BD59-C12B6F4B2280}.Release|x64.ActiveCfg = Release|x64
		{904AA79D-E67B-4362-BD59-C12B6F4B2280}.Release|x64.Build.0 = Release|x64
		{904AA79D-E67B-4362-BD59-C12B6F4B2280}.Release|x86.ActiveCfg = Release|Win32
		{904AA79D-E67B-4362-BD59-C12B6F4B2280}.Release|x86.Build.0 = Release|Win32
		{B9E5B740-1552-4C43-A20A-5D9C662866F6}.Debug|x64.ActiveCfg = Debug|x64
		{B9E5B740-1552-4C43-A20A-5D9C662866F6}.Debug|x64.Build.0 = Debug|x64
		{B9E5B740-1552-4C43-A20A-5D9C662866F6}.Debug|x86.ActiveCfg = Debug|Win32
		{B9E5B740-1552-4C43-A20A-5D9C662866F6}.Debug|x86.Build.0 = Debug|Win32
		{B9E5B740-1552-4C43-A20A-5D9C662866F6}.Release|x64.ActiveCfg = Release|x64
		{B9E5B740-1552-4C43-A20A-5D9C662866F6}.Release|x64.Build.0 = Release|x64
		{B9E5B740-1552-4C43-A20A-5D9C662866F6}.Release|x86.ActiveCfg = Release|Win32
		{B9E5B740-1552-4C43-A20A-5D9C662866F6}.Release|x86.Build.0 = Release|Win32
		{42389F6F-3C5D-4AFA-BB18-178929CC2A73}.Debug|x64.ActiveCfg = Debug|x64
		{42389F6F-3C5D-4AFA-BB18-178929CC2A73}.Debug|x64.Build.0 = Debug|x64
		{42389F6F-3C5D-4AFA-BB18-178929CC2A73}.Debug|x86.ActiveCfg = Debug|Win32
		{42389F6F-3C5D-4AFA-BB18-178929CC2A73}.Debug|x86.Build.0 = Debug|Win32
		{42389F6F-3C5D-4AFA-BB18-178929CC2A73}.Release|x64.ActiveCfg = Release|x64
		{42389F6F-3C5D-4AFA-BB18-178929CC2A73}.Release|x64.Build.0 = Release|x64
		{42389F6F-3C5D-4AFA-BB18-178929CC2A73}.Release|x86.ActiveCfg = Release|Win32
		{42389F6F-3C5D-4AFA-BB18-178929CC2A73}.Release|x86.Build.0 = Release|Win32
		{80607708-1BDD-49F8-84B9-44F783C873D1}.Debug|x64.ActiveCfg = Debug|x64
		{80607708-1BDD-49F8-84B9-44F783C873D1}.Debug|x64.Build.0 = Debug|x64
		{80607708-1BDD-49F8-84B9-44F783C873D1}.Debug|x86.ActiveCfg = Debug|Win32
		{80607708-1BDD-49F8-84B9-44F783C873D1}.Debug|x86.Build.0 = Debug|Win32
		{80607708-1BDD-49F8-84B9-44F783C873D1}.Release|x64.ActiveCfg = Release|x64
		{80607708-1BDD-49F8-84B9-44F783C873D1}.Release|x64.Build.0 = Release|x64
		{80607708-1BDD-49F8-84B9-44F783C873D1}.Release|x86.ActiveCfg = Release|Win32
		{80607708-1BDD-49F8-84B9-44F783C873D1}.Release|x86.Build.0 = Release|Win32
		{5B63EB1F-8339-4939-8582-867FE551D691}.Debug|x64.ActiveCfg = Debug|x64
		{5B63EB1F-8339-4939-8582-867FE551D691}.Debug|x64.Build.0 = Debug|x64
		{5B63EB1F-8339-4939-8582-867FE551D691}.Debug|x86.ActiveCfg = Debug|Win32
		{5B63EB1F-8339-4939-8582-867FE551D691}.Debug|x86.Build.0 = Debug|Win32
		{5B63EB1F-8339-4939-8582-867FE551D691}.Release|x64.ActiveCfg = Release|x64
		{5B63EB1F-8339-4939-8582-867FE551D691}.Release|x64.Build.0 = Release|x64
		{5B63EB1F-8339-4939-8582-867FE551D691}.Release|x86.ActiveCfg = Release|Win32
		{5B63EB1F-8339-4939-8582-867FE551D691}.Release|x86.Build.0 = Release|Win32
		{3B1FACA4-9819-4D2F-A324-D6DBD63B9D0F}.Debug|x64.ActiveCfg = Debug|x64
		{3B1FACA4-9819-4D2F-A324-D6DBD63B9D0F}.Debug|x64.Build.0 = Debug|x64
		{3B1FACA4-9819-4D2F-A324-D6DBD63B9D0F}.Debug|x86.ActiveCfg = Debug|Win32
		{3B1FACA4-9819-4D2F-A324-D6DBD63B9D0F}.Debug|x86.Build.0 = Debug|Win32
		{3B1FACA4-9819-4D2F-A324-D6DBD63B9D0F}.Release|x64.ActiveCfg = Release|x64
		{3B1FACA4-9819-4D2F-A324-D6DBD63B9D0F}.Release|x64.Build.0 = Release|x64
		{3B1FACA4-9819-4D2F-A324-D6DBD63B9D0F}.Release|x86.ActiveCfg = Release|Win32
		{3B1FACA4-9819-4D2F-A324-D6DBD63B9D0F}.Release|x86.Build.0 = Release|Win32
		{1B5A9CE4-4C65-4797-B70C-3FA243F7DD85}.Debug|x64.ActiveCfg = Debug|x64
		{1B5A9CE4-4C65-4797-B70C-3FA243F7DD85}.Debug|x64.Build.0 = Debug|x64
		{1B5A9CE4-4C65-4797-B70C-3FA243F7DD85}.Debug|x86.ActiveCfg = Debug|Win32
		{1B5A9CE4-4C65-4797-B70C-3FA243F7DD85}.Debug|x86.Build.0 = Debug|Win32
		{1B5A9CE4-4C65-4797-B70C-3FA243F7DD85}.Release|x64.ActiveCfg = Release|x64
		{1B5A9CE4-4C65-4797-B70C-3FA243F7DD85}.Release|x64.Build.0 = Release|x64
		{1B5A9CE4-4C65-4797-B70C-3FA243F7DD85}.Release|x86.ActiveCfg = Release|Win32
		{1B5A9CE4-4C65-4797-B70C-3FA243F7DD85}.Release|x86.Build.0 = Release|Win32
		{EC8F8C09-65B2-4377-9E67-B5DE03D01851}.Debug|x64.ActiveCfg = Debug|x64
		{EC8F8C09-65B2-4377-9E67-B5DE03D01851}.Debug|x64.Build.0 = Debug|x64
		{EC8F8C09-65B2-4377-9E67-B5DE03D01851}.Debug|x86.ActiveCfg = Debug|Win32
		{EC8F8C09-65B2-4377-9E67-B5DE03D01851}.Debug|x86.Build.0 = Debug|Win32
		{EC8F8C09-65B2-4377-9E67-B5DE03D01851}.Release|x64.ActiveCfg = Release|x64
		{EC8F8C09-65B2-4377-9E67-B5DE03D01851}.Release|x64.Build.0 = Release|x64
		{EC8F8C09-65B2-4377-9E67-B5DE03D01851}.Release|x86.ActiveCfg = Release|Win32
		{EC8F8C09-65B2-4377-9E67-B5DE03D01851}.Release|x86.Build.0 = Release|Win32
		{430E02DE-9383-4D29-84F2-985474681FFE}.Debug|x64.ActiveCfg = Debug|x64
		{430E02DE-9383-4D29-84F2-985474681FFE}.Debug|x64.Build.0 = Debug|x64
		{430E02DE-9383-4D29-84F2-985474681FFE}.Debug|x86.ActiveCfg = Debug|Win32
		{430E02DE-9383-4D29-84F2-985474681FFE}.Debug|x86.Build.0 = Debug|Win32
		{430E02DE-9383-4D29-84F2-985474681FFE}.Release|x64.ActiveCfg = Release|x64
		{430E02DE-9383-4D29-84F2-985474681FFE}.Release|x64.Build.0 = Release|x64
		{430E02DE-9383-4D29-84F2-985474681FFE}.Release|x86.ActiveCfg = Release|Win32
		{430E02DE-9383-4D29-84F2-985474681FFE}.Release|x86.Build.0 = Release|Win32
		{3F0F844D-7E13-4232-A8EC-25E52E84AF32}.Debug|x64.ActiveCfg = Debug|x64
		{3F0F844D-7E13-4232-A8EC-25E52E84AF32}.Debug|x64.Build.0 = Debug|x64
		{3F0F844D-7E13-4232-A8EC-25E52E84AF32}.Debug|x86.ActiveCfg = Debug|Win32
		{3F0F844D-7E13-4232-A8EC-25E52E84AF32}.Debug|x86.Build.0 = Debug|Win32
		{3F0F844D-7E13-4232-A8EC-25E52E84AF32}.Release|x64.ActiveCfg = Release|x64
		{3F0F844D-7E13-4232-A8EC-25E52E84AF32}.Release|x64.Build.0 = Release|x64
		{3F0F844D-7E13-4232-A8EC-25E52E84AF32}.Release|x86.ActiveCfg = Release|Win32
		{3F0F844D-7E13-4232-A8EC-25E52E84AF32}.Release|x86.Build.0 = Release|Win32
		{FC293BBF-98D8-4F29-AB68-C0C74D32EF1A}.Debug|x64.ActiveCfg = Debug|x64
		{FC293BBF-98D8-4F29-AB68-C0C74D32EF1A}.Debug|x64.Build.0 = Debug|x64
		{FC293BBF-98D8-4F29-AB68-C0C74D32EF1A}.Debug|x86.ActiveCfg = Debug|Win32
		{FC293BBF-98D8-4F29-AB68-C0C74D32EF1A}.Debug|x86.Build.0 = Debug|Win32
		{FC293BBF-98D8-4F29-AB68-C0C74D32EF1A}.Release|x64.ActiveCfg = Release|x64
		{FC293BBF-98D8-4F29-AB68-C0C74D32EF1A}.Release|x64.Build.0 = Release|x64
		{FC293BBF-98D8-4F29-AB68-C0C74D32EF1A}.Release|x86.ActiveCfg = Release|Win32
		{FC293BBF-98D8-4F29-AB68-C0C74D32EF1A}.Release|x86.Build.0 = Release|Win32
		{AE907B42-CD42-405D-AEA1-22E9003A03AB}.Debug|x64.ActiveCfg = Debug|x64
		{AE907B42-CD42-405D-AEA1-22E9003A03AB}.Debug|x64.Build.0 = Debug|x64
		{AE907B42-CD42-405D-AEA1-22E9003A03AB}.Debug|x86.ActiveCfg = Debug|Win32
		{AE907B42-CD42-405D-AEA1-22E9003A03AB}.Debug|x86.Build.0 = Debug|Win32
		{AE907B42-CD42-405D-AEA1-22E9003A03AB}.Release|x64.ActiveCfg = Release|x64
		{AE907B42-CD42-405D-AEA1-22E9003A03AB}.Release|x64.Build.0 = Release|x64
		{AE907B42-CD42-405D-AEA1-22E9003A03AB}.Release|x86.ActiveCfg = Release|Win32
		{AE907B42-CD42-405D-AEA1-22E9003A03AB}.Release|x86.Build.0 = Release|Win32
		{C79BC2A2-3CB2-42BA-9BE6-D72672D475B8}.Debug|x64.ActiveCfg = Debug|x64
		{C79BC2A2-3CB2-42BA-9BE6-D72672D475B8}.Debug|x64.Build.0 = Debug|x64
		{C79BC2A2-3CB2-42BA-9BE6-D72672D475B8}.Debug|x86.ActiveCfg = Debug|Win32
		{C79BC2A2-3CB2-42BA-9BE6-D72672D475B8}.Debug|x86.Build.0 = Debug|Win32
		{C79BC2A2-3CB2-42BA-9BE6-D72672D475B8}.Release|x64.ActiveCfg = Release|x64
		{C79BC2A2-3CB2-42BA-9BE6-D72672D475B8}.Release|x64.Build.0 = Release|x64
		{C79BC2A2-3CB2-42BA-9BE6-D72672D475B8}.Release|x86.ActiveCfg = Release|Win32
		{C79BC2A2-3CB2-42BA-9BE6-D72672D475B8}.Release|x86.Build.0 = Release|Win32
		{9E78BBC3-AE7E-4C81-A152-78BB189A5ECB}.Debug|x64.ActiveCfg = Debug|x64
		{9E78BBC3-AE7E-4C81-A152-78BB189A5ECB}.Debug|x64.Build.0 = Debug|x64
		{9E78BBC3-AE7E-4C81-A152-78BB189A5ECB}.Debug|x86.ActiveCfg = Debug|Win32
		{9E78BBC3-AE7E-4C81-A152-78BB189A5ECB}.Debug|x86.Build.0 = Debug|Win32
		{9E78BBC3-AE7E-4C81-A152-78BB189A5ECB}.Release|x64.ActiveCfg = Release|x64
		{9E78BBC3-AE7E-4C81-A152-78BB189A5ECB}.Release|x64.Build.0 = Release|x64
		{9E78BBC3-AE7E-4C81-A152-78BB189A5ECB}.Release|x86.ActiveCfg = Release|Win32
		{9E78BBC3-AE7E-4C81-A152-78BB189A5ECB}.Release|x86.Build.0 = Release|Win32
		{3453DEBC-F471-46BB-B399-80639DA7B9E4}.Debug|x64.ActiveCfg = Debug|x64
		{3453DEBC-F471-46BB-B399-80639DA7B9E4}.Debug|x64.Build.0 = Debug|x64
		{3453DEBC-F471-46BB-B399-80639DA7B9E4}.Debug|x86.ActiveCfg = Debug|Win32
		{3453DEBC-F471-46BB-B399-80639DA7B9E4}.Debug|x86.Build.0 = Debug|Win32
		{3453DEBC-F471-46BB-B399-80639DA7B9E4}.Release|x64.ActiveCfg = Release|x64
		{3453DEBC-F471-46BB-B399-80639DA7B9E4}.Release|x64.Build.0 = Release|x64
		{3453DEBC-F471-46BB-B399-80639DA7B9E4}.Release|x86.ActiveCfg = Release|Win32
		{3453DEBC-F471-46BB-B399-80639DA7B9E4}.Release|x86.Build.0 = Release|Win32
		{AEFC3A21-CE40-4A74-AB45-50018480F305}.Debug|x64.ActiveCfg = Debug|x64
		{AEFC3A21-CE40-4A74-AB45-50018480F305}.Debug|x64.Build.0 = Debug|x64
		{AEFC3A21-CE40-4A74-AB45-50018480F305}.Debug|x86.ActiveCfg = Debug|Win32
		{AEFC3A21-CE40-4A74-AB45-50018480F305}.Debug|x86.Build.0 = Debug|Win32
		{AEFC3A21-CE40-4A74-AB45-50018480F305}.Release|x64.ActiveCfg = Release|x64
		{AEFC3A21-CE40-4A74-AB45-50018480F305}.Release|x64.Build.0 = Release|x64
		{AEFC3A21-CE40-4A74-AB45-50018480F305}.Release|x86.ActiveCfg = Release|Win32
		{AEFC3A21-CE40-4A74-AB45-50018480F305}.Release|x86.Build.0 = Release|Win32
		{2481B886-717A-478C-8591-81E25C273A51}.Debug|x64.ActiveCfg = Debug|x64
		{2481B886-717A-478C-8591-81E25C273A51}.Debug|x64.Build.0 = Debug|x64
		{2481B886-717A-478C-8591-81E25C273A51}.Debug|x86.ActiveCfg = Debug|Win32
		{2481B886-717A-478C-8591-81E25C273A51}.Debug|x86.Build.0 = Debug|Win32
		{2481B886-717A-478C-8591-81E25C273A51}.Release|x64.ActiveCfg = Release|x64
		{2481B886-717A-478C-8591-81E25C273A51}.Release|x64.Build.0 = Release|x64
		{2481B886-717A-478C-8591-81E25C273A51}.Release|x86.ActiveCfg = Release|Win32
		{2481B886-717A-478C-8591-81E25C273A51}.Release|x86.Build.0 = Release|Win32
		{481CA89F-C9F6-444A-9677-EF3256CCF477}.Debug|x64.ActiveCfg = Debug|x64
		{481CA89F-C9F6-444A-9677-EF3256CCF477}.Debug|x64.Build.0 = Debug|x64
		{481CA89F-C9F6-444A-9677-EF3256CCF477}.Debug|x86.ActiveCfg = Debug|Win32
		{481CA89F-C9F6-444A-9677-EF3256CCF477}.Debug|x86.Build.0 = Debug|Win32
		{481CA89F-C9F6-444A-9677-EF3256CCF477}.Release|x64.ActiveCfg = Release|x64
		{481CA89F-C9F6-444A-9677-EF3256CCF477}.Release|x64.Build.0 = Release|x64
		{481CA89F-C9F6-444A-9677-EF3256CCF477}.Release|x86.ActiveCfg = Release|Win32
		{481CA89F-C9F6-444A-9677-EF3256CCF477}.Release|x86.Build.0 = Release|Win32
		{AE44262A-03E1-46F3-B7E7-CE3B02E3D1DD}.Debug|x64.ActiveCfg = Debug|x64
		{AE44262A-03E1-46F3-B7E7-CE3B02E3D1DD}.Debug|x64.Build.0 = Debug|x64
		{AE44262A-03E1-46F3-B7E7-CE3B02E3D1DD}.Debug|x86.ActiveCfg = Debug|Win32
		{AE44262A-03E1-46F3-B7E7-CE3B02E3D1DD}.Debug|x86.Build.0 = Debug|Win32
		{AE44262A-03E1-46F3-B7E7-CE3B02E3D1DD}.Release|x64.ActiveCfg = Release|x64
		{AE44262A-03E1-46F3-B7E7-CE3B02E3D1DD}.Release|x64.Build.0 = Release|x64
		{AE44262A-03E1-46F3-B7E7-CE3B02E3D1DD}.Release|x86.ActiveCfg = Release|Win32
		{AE44262A-03E1-46F3-B7E7-CE3B02E3D1DD}.Release|x86.Build.0 = Release|Win32
		{B2AA6560-DB2D-4182-B064-0CAAFE8AF4F3}.Debug|x64.ActiveCfg = Debug|x64
		{B2AA6560-DB2D-4182-B064-0CAAFE8AF4F3}.Debug|x64.Build.0 = Debug|x64
		{B2AA6560-DB2D-4182-B064-0CAAFE8AF4F3}.Debug|x86.ActiveCfg = Debug|Win32
		{B2AA6560-DB2D-4182-B064-0CAAFE8AF4F3}.Debug|x86.Build.0 = Debug|Win32
		{B2AA6560-DB2D-4182-B064-0CAAFE8AF4F3}.Release|x64.ActiveCfg = Release|x64
		{B2AA6560-DB2D-4182-B064-0CAAFE8AF4F3}.Release|x64.Build.0 = Release|x64
		{B2AA6560-DB2D-4182-B064-0CAAFE8AF4F3}.Release|x86.ActiveCfg = Release|Win32
		{B2AA6560-DB2D-4182-B064-0CAAFE8AF4F3}.Release|x86.Build.0 = Release|Win32
		{102C8DF7-DAAC-4A88-9962-1CE55BD1BE2F}.Debug|x64.ActiveCfg = Debug|x64
		{102C8DF7-DAAC-4A88-9962-1CE55BD1BE2F}.Debug|x64.Build.0 = Debug|x64
		{102C8DF7-DAAC-4A88-9962-1CE55BD1BE2F}.Debug|x86.ActiveCfg = Debug|Win32
		{102C8DF7-DAAC-4A88-9962-1CE55BD1BE2F}.Debug|x86.Build.0 = Debug|Win32
		{102C8DF7-DAAC-4A88-9962-1CE55BD1BE2F}.Release|x64.ActiveCfg = Release|x64
		{102C8DF7-DAAC-4A88-9962-1CE55BD1BE2F}.Release|x64.Build.0 = Release|x64
		{102C8DF7-DAAC-4A88-9962-1CE55BD1BE2F}.Release|x86.ActiveCfg = Release|Win32
		{102C8DF7-DAAC-4A88-9962-1CE55BD1BE2F}.Release|x86.Build.0 = Release|Win32
		{6EA716EB-FF46-403C-85C9-65D99465CFFD}.Debug|x64.ActiveCfg = Debug|x64
		{6EA716EB-FF46-403C-85C9-65D99465CFFD}.Debug|x64.Build.0 = Debug|x64
		{6EA716EB-FF46-403C-85C9-65D99465CFFD}.Debug|x86.ActiveCfg = Debug|Win32
		{6EA716EB-FF46-403C-85C9-65D99465CFFD}.Debug|x86.Build.0 = Debug|Win32
		{6EA716EB-FF46-403C-85C9-65D99465CFFD}.Release|x64.ActiveCfg = Release|x64
		{6EA716EB-FF46-403C-85C9-65D99465CFFD}.Release|x64.Build.0 = Release|x64
		{6EA716EB-FF46-403C-85C9-65D99465CFFD}.Release|x86.ActiveCfg = Release|Win32
		{6EA716EB-FF46-403C-85C9-65D99465CFFD}.Release|x86.Build.0 = Release|Win32
		{5786DC11-B5D7-4C39-AB7F-0D6AF07CAF38}.Debug|x64.ActiveCfg = Debug|x64
		{5786DC11-B5D7-4C39-AB7F-0D6AF07CAF38}.Debug|x64.Build.0 = Debug|x64
		{5786DC11-B5D7-4C39-AB7F-0D6AF07CAF38}.Debug|x86.ActiveCfg = Debug|Win32
		{5786DC11-B5D7-4C39-AB7F-0D6AF07CAF38}.Debug|x86.Build.0 = Debug|Win32
		{5786DC11-B5D7-4C39-AB7F-0D6AF07CAF38}.Release|x64.ActiveCfg = Release|x64
		{5786DC11-B5D7-4C39-AB7F-0D6AF07CAF38}.Release|x64.Build.0 = Release|x64
		{5786DC11-B5D7-4C39-AB7F-0D6AF07CAF38}.Release|x86.ActiveCfg = Release|Win32
		{5786DC11-B5D7-4C39-AB7F-0D6AF07CAF38}.Release|x86.Build.0 = Release|Win32
		{6D995B79-FAD6-4052-9C22-FDAFA253DE56}.Debug|x64.ActiveCfg = Debug|x64
		{6D995B79-FAD6-4052-9C22-FDAFA253DE56}.Debug|x64.Build.0 = Debug|x64
		{6D995B79-FAD6-4052-9C22-FDAFA253DE56}.Debug|x86.ActiveCfg = Debug|Win32
		{6D995B79-FAD6-4052-9C22-FDAFA253DE56}.Debug|x86.Build.0 = Debug|Win32
		{6D995B79-FAD6-4052-9C22-FDAFA253DE56}.Release|x64.ActiveCfg = Release|x64
		{6D995B79-FAD6-4052-9C22-FDAFA253DE56}.Release|x64.Build.0 = Release|x64
		{6D995B79-FAD6-4052-9C22-FDAFA253DE56}.Release|x86.ActiveCfg = Release|Win32
		{6D995B79-FAD6-4052-9C22-FDAFA253DE56}.Release|x86.Build.0 = Release|Win32
		{6A274C37-576A-4924-8642-3A0C81F8C17E}.Debug|x64.ActiveCfg = Debug|x64
		{6A274C37-576A-4924-8642-3A0C81F8C17E}.Debug|x64.Build.0 = Debug|x64
		{6A274C37-576A-4924-8642-3A0C81F8C17E}.Debug|x86.ActiveCfg = Debug|Win32
		{6A274C37-576A-4924-8642-3A0C81F8C17E}.Debug|x86.Build.0 = Debug|Win32
		{6A274C37-576A-4924-8642-3A0C81F8C17E}.Release|x64.ActiveCfg = Release|x64
		{6A274C37-576A-4924-8642-3A0C81F8C17E}.Release|x64.Build.0 = Release|x64
		{6A274C37-576A-4924-8642-3A0C81F8C17E}.Release|x86.ActiveCfg = Release|Win32
		{6A274C37-576A-4924-8642-3A0C81F8C17E}.Release|x86.Build.0 = Release|Win32
	EndGlobalSection
	GlobalSection(SolutionProperties) = preSolution
		HideSolutionNode = FALSE
	EndGlobalSection
EndGlobal
